
Microsoft Visual Studio Solution File, Format Version 12.00
# Visual Studio 2012
Project("{FAE04EC0-301F-11D3-BF4B-00C04F79EFBC}") = "SmartLearning", "SmartLearning\SmartLearning.csproj", "{C6299E87-D19B-40C8-B1D4-F1E1D4F63C64}"
EndProject
Project("{FAE04EC0-301F-11D3-BF4B-00C04F79EFBC}") = "BTProgressHUD", "BTProgressHUD\BTProgressHUD.csproj", "{8ECDFDC5-42D0-4540-9691-830EEB2ED874}"
EndProject
Project("{FAE04EC0-301F-11D3-BF4B-00C04F79EFBC}") = "SmartLearning.Share", "SmartLearning.Share\SmartLearning.Share.csproj", "{9505160D-9024-4B61-8762-305504BF344D}"
EndProject
Project("{FAE04EC0-301F-11D3-BF4B-00C04F79EFBC}") = "MH.ApiObject", "Libs\MH.ApiObject\MH.ApiObject.csproj", "{CB3D3301-2F2D-461B-8FE6-11C082535840}"
EndProject
Project("{FAE04EC0-301F-11D3-BF4B-00C04F79EFBC}") = "SmartLearning.IOSResources64", "SmartLearning.IOSResources64\SmartLearning.IOSResources64.csproj", "{EF21A184-6843-4E3D-8EFD-1425601B19A3}"
EndProject
Global
	GlobalSection(SolutionConfigurationPlatforms) = preSolution
		Debug|iPhoneSimulator = Debug|iPhoneSimulator
		Release|iPhoneSimulator = Release|iPhoneSimulator
		Debug|iPhone = Debug|iPhone
		Release|iPhone = Release|iPhone
		Ad-Hoc|iPhone = Ad-Hoc|iPhone
		AppStore|iPhone = AppStore|iPhone
	EndGlobalSection
	GlobalSection(ProjectConfigurationPlatforms) = postSolution
		{8ECDFDC5-42D0-4540-9691-830EEB2ED874}.Ad-Hoc|iPhone.ActiveCfg = Release|Any CPU
		{8ECDFDC5-42D0-4540-9691-830EEB2ED874}.Ad-Hoc|iPhone.Build.0 = Release|Any CPU
		{8ECDFDC5-42D0-4540-9691-830EEB2ED874}.AppStore|iPhone.ActiveCfg = Release|Any CPU
		{8ECDFDC5-42D0-4540-9691-830EEB2ED874}.AppStore|iPhone.Build.0 = Release|Any CPU
		{8ECDFDC5-42D0-4540-9691-830EEB2ED874}.Debug|iPhone.ActiveCfg = Debug|Any CPU
		{8ECDFDC5-42D0-4540-9691-830EEB2ED874}.Debug|iPhone.Build.0 = Debug|Any CPU
		{8ECDFDC5-42D0-4540-9691-830EEB2ED874}.Debug|iPhoneSimulator.ActiveCfg = Debug|Any CPU
		{8ECDFDC5-42D0-4540-9691-830EEB2ED874}.Debug|iPhoneSimulator.Build.0 = Debug|Any CPU
		{8ECDFDC5-42D0-4540-9691-830EEB2ED874}.Release|iPhone.ActiveCfg = Release|Any CPU
		{8ECDFDC5-42D0-4540-9691-830EEB2ED874}.Release|iPhone.Build.0 = Release|Any CPU
		{8ECDFDC5-42D0-4540-9691-830EEB2ED874}.Release|iPhoneSimulator.ActiveCfg = Release|Any CPU
		{8ECDFDC5-42D0-4540-9691-830EEB2ED874}.Release|iPhoneSimulator.Build.0 = Release|Any CPU
		{9505160D-9024-4B61-8762-305504BF344D}.Ad-Hoc|iPhone.ActiveCfg = Release|Any CPU
		{9505160D-9024-4B61-8762-305504BF344D}.Ad-Hoc|iPhone.Build.0 = Release|Any CPU
		{9505160D-9024-4B61-8762-305504BF344D}.AppStore|iPhone.ActiveCfg = Release|Any CPU
		{9505160D-9024-4B61-8762-305504BF344D}.AppStore|iPhone.Build.0 = Release|Any CPU
		{9505160D-9024-4B61-8762-305504BF344D}.Debug|iPhone.ActiveCfg = Debug|Any CPU
		{9505160D-9024-4B61-8762-305504BF344D}.Debug|iPhone.Build.0 = Debug|Any CPU
		{9505160D-9024-4B61-8762-305504BF344D}.Debug|iPhoneSimulator.ActiveCfg = Debug|Any CPU
		{9505160D-9024-4B61-8762-305504BF344D}.Debug|iPhoneSimulator.Build.0 = Debug|Any CPU
		{9505160D-9024-4B61-8762-305504BF344D}.Release|iPhone.ActiveCfg = Release|Any CPU
		{9505160D-9024-4B61-8762-305504BF344D}.Release|iPhone.Build.0 = Release|Any CPU
		{9505160D-9024-4B61-8762-305504BF344D}.Release|iPhoneSimulator.ActiveCfg = Release|Any CPU
		{9505160D-9024-4B61-8762-305504BF344D}.Release|iPhoneSimulator.Build.0 = Release|Any CPU
		{C6299E87-D19B-40C8-B1D4-F1E1D4F63C64}.Ad-Hoc|iPhone.ActiveCfg = Ad-Hoc|iPhone
		{C6299E87-D19B-40C8-B1D4-F1E1D4F63C64}.Ad-Hoc|iPhone.Build.0 = Ad-Hoc|iPhone
		{C6299E87-D19B-40C8-B1D4-F1E1D4F63C64}.AppStore|iPhone.ActiveCfg = AppStore|iPhone
		{C6299E87-D19B-40C8-B1D4-F1E1D4F63C64}.AppStore|iPhone.Build.0 = AppStore|iPhone
		{C6299E87-D19B-40C8-B1D4-F1E1D4F63C64}.Debug|iPhone.ActiveCfg = Debug|iPhone
		{C6299E87-D19B-40C8-B1D4-F1E1D4F63C64}.Debug|iPhone.Build.0 = Debug|iPhone
		{C6299E87-D19B-40C8-B1D4-F1E1D4F63C64}.Debug|iPhoneSimulator.ActiveCfg = Debug|iPhoneSimulator
		{C6299E87-D19B-40C8-B1D4-F1E1D4F63C64}.Debug|iPhoneSimulator.Build.0 = Debug|iPhoneSimulator
		{C6299E87-D19B-40C8-B1D4-F1E1D4F63C64}.Release|iPhone.ActiveCfg = Release|iPhone
		{C6299E87-D19B-40C8-B1D4-F1E1D4F63C64}.Release|iPhone.Build.0 = Release|iPhone
		{C6299E87-D19B-40C8-B1D4-F1E1D4F63C64}.Release|iPhoneSimulator.ActiveCfg = Release|iPhoneSimulator
		{C6299E87-D19B-40C8-B1D4-F1E1D4F63C64}.Release|iPhoneSimulator.Build.0 = Release|iPhoneSimulator
		{CB3D3301-2F2D-461B-8FE6-11C082535840}.Ad-Hoc|iPhone.ActiveCfg = Release|Any CPU
		{CB3D3301-2F2D-461B-8FE6-11C082535840}.Ad-Hoc|iPhone.Build.0 = Release|Any CPU
		{CB3D3301-2F2D-461B-8FE6-11C082535840}.AppStore|iPhone.ActiveCfg = Release|Any CPU
		{CB3D3301-2F2D-461B-8FE6-11C082535840}.AppStore|iPhone.Build.0 = Release|Any CPU
		{CB3D3301-2F2D-461B-8FE6-11C082535840}.Debug|iPhone.ActiveCfg = Debug|Any CPU
		{CB3D3301-2F2D-461B-8FE6-11C082535840}.Debug|iPhone.Build.0 = Debug|Any CPU
		{CB3D3301-2F2D-461B-8FE6-11C082535840}.Debug|iPhoneSimulator.ActiveCfg = Debug|Any CPU
		{CB3D3301-2F2D-461B-8FE6-11C082535840}.Debug|iPhoneSimulator.Build.0 = Debug|Any CPU
		{CB3D3301-2F2D-461B-8FE6-11C082535840}.Release|iPhone.ActiveCfg = Release|Any CPU
		{CB3D3301-2F2D-461B-8FE6-11C082535840}.Release|iPhone.Build.0 = Release|Any CPU
		{CB3D3301-2F2D-461B-8FE6-11C082535840}.Release|iPhoneSimulator.ActiveCfg = Release|Any CPU
		{CB3D3301-2F2D-461B-8FE6-11C082535840}.Release|iPhoneSimulator.Build.0 = Release|Any CPU
		{EF21A184-6843-4E3D-8EFD-1425601B19A3}.Ad-Hoc|iPhone.ActiveCfg = Release|Any CPU
		{EF21A184-6843-4E3D-8EFD-1425601B19A3}.Ad-Hoc|iPhone.Build.0 = Release|Any CPU
		{EF21A184-6843-4E3D-8EFD-1425601B19A3}.AppStore|iPhone.ActiveCfg = Release|Any CPU
		{EF21A184-6843-4E3D-8EFD-1425601B19A3}.AppStore|iPhone.Build.0 = Release|Any CPU
		{EF21A184-6843-4E3D-8EFD-1425601B19A3}.Debug|iPhone.ActiveCfg = Debug|Any CPU
		{EF21A184-6843-4E3D-8EFD-1425601B19A3}.Debug|iPhone.Build.0 = Debug|Any CPU
		{EF21A184-6843-4E3D-8EFD-1425601B19A3}.Debug|iPhoneSimulator.ActiveCfg = Debug|Any CPU
		{EF21A184-6843-4E3D-8EFD-1425601B19A3}.Debug|iPhoneSimulator.Build.0 = Debug|Any CPU
		{EF21A184-6843-4E3D-8EFD-1425601B19A3}.Release|iPhone.ActiveCfg = Release|Any CPU
		{EF21A184-6843-4E3D-8EFD-1425601B19A3}.Release|iPhone.Build.0 = Release|Any CPU
		{EF21A184-6843-4E3D-8EFD-1425601B19A3}.Release|iPhoneSimulator.ActiveCfg = Release|Any CPU
		{EF21A184-6843-4E3D-8EFD-1425601B19A3}.Release|iPhoneSimulator.Build.0 = Release|Any CPU
	EndGlobalSection
EndGlobal
