
Microsoft Visual Studio Solution File, Format Version 12.00
# Visual Studio 2012
Project("{FAE04EC0-301F-11D3-BF4B-00C04F79EFBC}") = "SmartLearning", "SmartLearning\SmartLearning.csproj", "{E9771771-27F7-4749-B6EF-89A7B924F159}"
EndProject
Global
	GlobalSection(SolutionConfigurationPlatforms) = preSolution
		Debug|Any CPU = Debug|Any CPU
		Release|Any CPU = Release|Any CPU
	EndGlobalSection
	GlobalSection(ProjectConfigurationPlatforms) = postSolution
		{E9771771-27F7-4749-B6EF-89A7B924F159}.Debug|Any CPU.ActiveCfg = Debug|Any CPU
		{E9771771-27F7-4749-B6EF-89A7B924F159}.Debug|Any CPU.Build.0 = Debug|Any CPU
		{E9771771-27F7-4749-B6EF-89A7B924F159}.Release|Any CPU.ActiveCfg = Release|Any CPU
		{E9771771-27F7-4749-B6EF-89A7B924F159}.Release|Any CPU.Build.0 = Release|Any CPU
	EndGlobalSection
EndGlobal
